
Microsoft Visual Studio Solution File, Format Version 12.00
# Visual Studio Version 16
VisualStudioVersion = 16.0.30114.105
MinimumVisualStudioVersion = 10.0.40219.1
Project("{FAE04EC0-301F-11D3-BF4B-00C04F79EFBC}") = "CommandLine", "CommandLine\CommandLine.csproj", "{7440D748-611F-4627-9AFA-F04675720952}"
EndProject
Project("{FAE04EC0-301F-11D3-BF4B-00C04F79EFBC}") = "Domain", "Domain\Domain.csproj", "{DC01283F-FFD4-4DC8-8E86-C3B2E7A5D6CC}"
EndProject
Project("{FAE04EC0-301F-11D3-BF4B-00C04F79EFBC}") = "DependencyInjection", "DependencyInjection\DependencyInjection.csproj", "{FBB009F0-D550-40FD-B5A1-BFE0171D4398}"
EndProject
Project("{FAE04EC0-301F-11D3-BF4B-00C04F79EFBC}") = "UnitTests", "UnitTests\UnitTests.csproj", "{5C325A69-2AA1-4AC2-87C7-A7934237BB22}"
EndProject
Project("{FAE04EC0-301F-11D3-BF4B-00C04F79EFBC}") = "IntegrationTests", "IntegrationTests\IntegrationTests.csproj", "{D15D6566-1470-4157-AE64-36385558AAF9}"
EndProject
Project("{FAE04EC0-301F-11D3-BF4B-00C04F79EFBC}") = "Application", "Application\Application.csproj", "{782092AF-0482-49D5-BB42-B3CEFA1670C0}"
EndProject
Global
	GlobalSection(SolutionConfigurationPlatforms) = preSolution
		Debug|Any CPU = Debug|Any CPU
		Debug|x64 = Debug|x64
		Debug|x86 = Debug|x86
		Release|Any CPU = Release|Any CPU
		Release|x64 = Release|x64
		Release|x86 = Release|x86
	EndGlobalSection
	GlobalSection(SolutionProperties) = preSolution
		HideSolutionNode = FALSE
	EndGlobalSection
	GlobalSection(ProjectConfigurationPlatforms) = postSolution
		{7440D748-611F-4627-9AFA-F04675720952}.Debug|Any CPU.ActiveCfg = Debug|Any CPU
		{7440D748-611F-4627-9AFA-F04675720952}.Debug|Any CPU.Build.0 = Debug|Any CPU
		{7440D748-611F-4627-9AFA-F04675720952}.Debug|x64.ActiveCfg = Debug|Any CPU
		{7440D748-611F-4627-9AFA-F04675720952}.Debug|x64.Build.0 = Debug|Any CPU
		{7440D748-611F-4627-9AFA-F04675720952}.Debug|x86.ActiveCfg = Debug|Any CPU
		{7440D748-611F-4627-9AFA-F04675720952}.Debug|x86.Build.0 = Debug|Any CPU
		{7440D748-611F-4627-9AFA-F04675720952}.Release|Any CPU.ActiveCfg = Release|Any CPU
		{7440D748-611F-4627-9AFA-F04675720952}.Release|Any CPU.Build.0 = Release|Any CPU
		{7440D748-611F-4627-9AFA-F04675720952}.Release|x64.ActiveCfg = Release|Any CPU
		{7440D748-611F-4627-9AFA-F04675720952}.Release|x64.Build.0 = Release|Any CPU
		{7440D748-611F-4627-9AFA-F04675720952}.Release|x86.ActiveCfg = Release|Any CPU
		{7440D748-611F-4627-9AFA-F04675720952}.Release|x86.Build.0 = Release|Any CPU
		{DC01283F-FFD4-4DC8-8E86-C3B2E7A5D6CC}.Debug|Any CPU.ActiveCfg = Debug|Any CPU
		{DC01283F-FFD4-4DC8-8E86-C3B2E7A5D6CC}.Debug|Any CPU.Build.0 = Debug|Any CPU
		{DC01283F-FFD4-4DC8-8E86-C3B2E7A5D6CC}.Debug|x64.ActiveCfg = Debug|Any CPU
		{DC01283F-FFD4-4DC8-8E86-C3B2E7A5D6CC}.Debug|x64.Build.0 = Debug|Any CPU
		{DC01283F-FFD4-4DC8-8E86-C3B2E7A5D6CC}.Debug|x86.ActiveCfg = Debug|Any CPU
		{DC01283F-FFD4-4DC8-8E86-C3B2E7A5D6CC}.Debug|x86.Build.0 = Debug|Any CPU
		{DC01283F-FFD4-4DC8-8E86-C3B2E7A5D6CC}.Release|Any CPU.ActiveCfg = Release|Any CPU
		{DC01283F-FFD4-4DC8-8E86-C3B2E7A5D6CC}.Release|Any CPU.Build.0 = Release|Any CPU
		{DC01283F-FFD4-4DC8-8E86-C3B2E7A5D6CC}.Release|x64.ActiveCfg = Release|Any CPU
		{DC01283F-FFD4-4DC8-8E86-C3B2E7A5D6CC}.Release|x64.Build.0 = Release|Any CPU
		{DC01283F-FFD4-4DC8-8E86-C3B2E7A5D6CC}.Release|x86.ActiveCfg = Release|Any CPU
		{DC01283F-FFD4-4DC8-8E86-C3B2E7A5D6CC}.Release|x86.Build.0 = Release|Any CPU
		{FBB009F0-D550-40FD-B5A1-BFE0171D4398}.Debug|Any CPU.ActiveCfg = Debug|Any CPU
		{FBB009F0-D550-40FD-B5A1-BFE0171D4398}.Debug|Any CPU.Build.0 = Debug|Any CPU
		{FBB009F0-D550-40FD-B5A1-BFE0171D4398}.Debug|x64.ActiveCfg = Debug|Any CPU
		{FBB009F0-D550-40FD-B5A1-BFE0171D4398}.Debug|x64.Build.0 = Debug|Any CPU
		{FBB009F0-D550-40FD-B5A1-BFE0171D4398}.Debug|x86.ActiveCfg = Debug|Any CPU
		{FBB009F0-D550-40FD-B5A1-BFE0171D4398}.Debug|x86.Build.0 = Debug|Any CPU
		{FBB009F0-D550-40FD-B5A1-BFE0171D4398}.Release|Any CPU.ActiveCfg = Release|Any CPU
		{FBB009F0-D550-40FD-B5A1-BFE0171D4398}.Release|Any CPU.Build.0 = Release|Any CPU
		{FBB009F0-D550-40FD-B5A1-BFE0171D4398}.Release|x64.ActiveCfg = Release|Any CPU
		{FBB009F0-D550-40FD-B5A1-BFE0171D4398}.Release|x64.Build.0 = Release|Any CPU
		{FBB009F0-D550-40FD-B5A1-BFE0171D4398}.Release|x86.ActiveCfg = Release|Any CPU
		{FBB009F0-D550-40FD-B5A1-BFE0171D4398}.Release|x86.Build.0 = Release|Any CPU
		{5C325A69-2AA1-4AC2-87C7-A7934237BB22}.Debug|Any CPU.ActiveCfg = Debug|Any CPU
		{5C325A69-2AA1-4AC2-87C7-A7934237BB22}.Debug|Any CPU.Build.0 = Debug|Any CPU
		{5C325A69-2AA1-4AC2-87C7-A7934237BB22}.Debug|x64.ActiveCfg = Debug|Any CPU
		{5C325A69-2AA1-4AC2-87C7-A7934237BB22}.Debug|x64.Build.0 = Debug|Any CPU
		{5C325A69-2AA1-4AC2-87C7-A7934237BB22}.Debug|x86.ActiveCfg = Debug|Any CPU
		{5C325A69-2AA1-4AC2-87C7-A7934237BB22}.Debug|x86.Build.0 = Debug|Any CPU
		{5C325A69-2AA1-4AC2-87C7-A7934237BB22}.Release|Any CPU.ActiveCfg = Release|Any CPU
		{5C325A69-2AA1-4AC2-87C7-A7934237BB22}.Release|Any CPU.Build.0 = Release|Any CPU
		{5C325A69-2AA1-4AC2-87C7-A7934237BB22}.Release|x64.ActiveCfg = Release|Any CPU
		{5C325A69-2AA1-4AC2-87C7-A7934237BB22}.Release|x64.Build.0 = Release|Any CPU
		{5C325A69-2AA1-4AC2-87C7-A7934237BB22}.Release|x86.ActiveCfg = Release|Any CPU
		{5C325A69-2AA1-4AC2-87C7-A7934237BB22}.Release|x86.Build.0 = Release|Any CPU
		{D15D6566-1470-4157-AE64-36385558AAF9}.Debug|Any CPU.ActiveCfg = Debug|Any CPU
		{D15D6566-1470-4157-AE64-36385558AAF9}.Debug|Any CPU.Build.0 = Debug|Any CPU
		{D15D6566-1470-4157-AE64-36385558AAF9}.Debug|x64.ActiveCfg = Debug|Any CPU
		{D15D6566-1470-4157-AE64-36385558AAF9}.Debug|x64.Build.0 = Debug|Any CPU
		{D15D6566-1470-4157-AE64-36385558AAF9}.Debug|x86.ActiveCfg = Debug|Any CPU
		{D15D6566-1470-4157-AE64-36385558AAF9}.Debug|x86.Build.0 = Debug|Any CPU
		{D15D6566-1470-4157-AE64-36385558AAF9}.Release|Any CPU.ActiveCfg = Release|Any CPU
		{D15D6566-1470-4157-AE64-36385558AAF9}.Release|Any CPU.Build.0 = Release|Any CPU
		{D15D6566-1470-4157-AE64-36385558AAF9}.Release|x64.ActiveCfg = Release|Any CPU
		{D15D6566-1470-4157-AE64-36385558AAF9}.Release|x64.Build.0 = Release|Any CPU
		{D15D6566-1470-4157-AE64-36385558AAF9}.Release|x86.ActiveCfg = Release|Any CPU
		{D15D6566-1470-4157-AE64-36385558AAF9}.Release|x86.Build.0 = Release|Any CPU
		{782092AF-0482-49D5-BB42-B3CEFA1670C0}.Debug|Any CPU.ActiveCfg = Debug|Any CPU
		{782092AF-0482-49D5-BB42-B3CEFA1670C0}.Debug|Any CPU.Build.0 = Debug|Any CPU
		{782092AF-0482-49D5-BB42-B3CEFA1670C0}.Debug|x64.ActiveCfg = Debug|Any CPU
		{782092AF-0482-49D5-BB42-B3CEFA1670C0}.Debug|x64.Build.0 = Debug|Any CPU
		{782092AF-0482-49D5-BB42-B3CEFA1670C0}.Debug|x86.ActiveCfg = Debug|Any CPU
		{782092AF-0482-49D5-BB42-B3CEFA1670C0}.Debug|x86.Build.0 = Debug|Any CPU
		{782092AF-0482-49D5-BB42-B3CEFA1670C0}.Release|Any CPU.ActiveCfg = Release|Any CPU
		{782092AF-0482-49D5-BB42-B3CEFA1670C0}.Release|Any CPU.Build.0 = Release|Any CPU
		{782092AF-0482-49D5-BB42-B3CEFA1670C0}.Release|x64.ActiveCfg = Release|Any CPU
		{782092AF-0482-49D5-BB42-B3CEFA1670C0}.Release|x64.Build.0 = Release|Any CPU
		{782092AF-0482-49D5-BB42-B3CEFA1670C0}.Release|x86.ActiveCfg = Release|Any CPU
		{782092AF-0482-49D5-BB42-B3CEFA1670C0}.Release|x86.Build.0 = Release|Any CPU
	EndGlobalSection
EndGlobal
