
Microsoft Visual Studio Solution File, Format Version 12.00
# Visual Studio Version 16
VisualStudioVersion = 16.0.30114.105
MinimumVisualStudioVersion = 10.0.40219.1
Project("{9A19103F-16F7-4668-BE54-9A1E7A4F7556}") = "Domain", "Domain\Domain.csproj", "{DC01283F-FFD4-4DC8-8E86-C3B2E7A5D6CC}"
EndProject
Project("{9A19103F-16F7-4668-BE54-9A1E7A4F7556}") = "Infrastructure", "Infrastructure\Infrastructure.csproj", "{FBB009F0-D550-40FD-B5A1-BFE0171D4398}"
EndProject
Project("{9A19103F-16F7-4668-BE54-9A1E7A4F7556}") = "UnitTests", "UnitTests\UnitTests.csproj", "{5C325A69-2AA1-4AC2-87C7-A7934237BB22}"
EndProject
Project("{9A19103F-16F7-4668-BE54-9A1E7A4F7556}") = "IntegrationTests", "IntegrationTests\IntegrationTests.csproj", "{D15D6566-1470-4157-AE64-36385558AAF9}"
EndProject
Project("{9A19103F-16F7-4668-BE54-9A1E7A4F7556}") = "Application", "Application\Application.csproj", "{782092AF-0482-49D5-BB42-B3CEFA1670C0}"
EndProject
Project("{9A19103F-16F7-4668-BE54-9A1E7A4F7556}") = "_build", "..\build\_build.csproj", "{A61AC122-77B3-4FCE-9274-660399CBDFBB}"
EndProject
Project("{FAE04EC0-301F-11D3-BF4B-00C04F79EFBC}") = "Common", "Common\Common.csproj", "{1AB5D107-E3B6-4CCD-A74A-A648C49DDE1B}"
EndProject
Project("{FAE04EC0-301F-11D3-BF4B-00C04F79EFBC}") = "SystemTests", "SystemTests\SystemTests.csproj", "{3222430D-9A26-4CAD-A2DA-AC7F4E7A96A0}"
EndProject
Project("{2150E333-8FDC-42A3-9474-1A3956D46DE8}") = "Tests", "Tests", "{D5077792-C0B3-4DAF-ACCC-48CEBF561825}"
EndProject
Project("{FAE04EC0-301F-11D3-BF4B-00C04F79EFBC}") = "CommandLine", "CommandLine\CommandLine.csproj", "{69119C53-9D32-44C2-86C1-B95C2C07E0EB}"
EndProject
Global
	GlobalSection(SolutionConfigurationPlatforms) = preSolution
		Debug|Any CPU = Debug|Any CPU
		Debug|x64 = Debug|x64
		Debug|x86 = Debug|x86
		Release|Any CPU = Release|Any CPU
		Release|x64 = Release|x64
		Release|x86 = Release|x86
	EndGlobalSection
	GlobalSection(ProjectConfigurationPlatforms) = postSolution
		{DC01283F-FFD4-4DC8-8E86-C3B2E7A5D6CC}.Debug|Any CPU.ActiveCfg = Debug|Any CPU
		{DC01283F-FFD4-4DC8-8E86-C3B2E7A5D6CC}.Debug|Any CPU.Build.0 = Debug|Any CPU
		{DC01283F-FFD4-4DC8-8E86-C3B2E7A5D6CC}.Debug|x64.ActiveCfg = Debug|Any CPU
		{DC01283F-FFD4-4DC8-8E86-C3B2E7A5D6CC}.Debug|x64.Build.0 = Debug|Any CPU
		{DC01283F-FFD4-4DC8-8E86-C3B2E7A5D6CC}.Debug|x86.ActiveCfg = Debug|Any CPU
		{DC01283F-FFD4-4DC8-8E86-C3B2E7A5D6CC}.Debug|x86.Build.0 = Debug|Any CPU
		{DC01283F-FFD4-4DC8-8E86-C3B2E7A5D6CC}.Release|Any CPU.ActiveCfg = Release|Any CPU
		{DC01283F-FFD4-4DC8-8E86-C3B2E7A5D6CC}.Release|Any CPU.Build.0 = Release|Any CPU
		{DC01283F-FFD4-4DC8-8E86-C3B2E7A5D6CC}.Release|x64.ActiveCfg = Release|Any CPU
		{DC01283F-FFD4-4DC8-8E86-C3B2E7A5D6CC}.Release|x64.Build.0 = Release|Any CPU
		{DC01283F-FFD4-4DC8-8E86-C3B2E7A5D6CC}.Release|x86.ActiveCfg = Release|Any CPU
		{DC01283F-FFD4-4DC8-8E86-C3B2E7A5D6CC}.Release|x86.Build.0 = Release|Any CPU
		{FBB009F0-D550-40FD-B5A1-BFE0171D4398}.Debug|Any CPU.ActiveCfg = Debug|Any CPU
		{FBB009F0-D550-40FD-B5A1-BFE0171D4398}.Debug|Any CPU.Build.0 = Debug|Any CPU
		{FBB009F0-D550-40FD-B5A1-BFE0171D4398}.Debug|x64.ActiveCfg = Debug|Any CPU
		{FBB009F0-D550-40FD-B5A1-BFE0171D4398}.Debug|x64.Build.0 = Debug|Any CPU
		{FBB009F0-D550-40FD-B5A1-BFE0171D4398}.Debug|x86.ActiveCfg = Debug|Any CPU
		{FBB009F0-D550-40FD-B5A1-BFE0171D4398}.Debug|x86.Build.0 = Debug|Any CPU
		{FBB009F0-D550-40FD-B5A1-BFE0171D4398}.Release|Any CPU.ActiveCfg = Release|Any CPU
		{FBB009F0-D550-40FD-B5A1-BFE0171D4398}.Release|Any CPU.Build.0 = Release|Any CPU
		{FBB009F0-D550-40FD-B5A1-BFE0171D4398}.Release|x64.ActiveCfg = Release|Any CPU
		{FBB009F0-D550-40FD-B5A1-BFE0171D4398}.Release|x64.Build.0 = Release|Any CPU
		{FBB009F0-D550-40FD-B5A1-BFE0171D4398}.Release|x86.ActiveCfg = Release|Any CPU
		{FBB009F0-D550-40FD-B5A1-BFE0171D4398}.Release|x86.Build.0 = Release|Any CPU
		{5C325A69-2AA1-4AC2-87C7-A7934237BB22}.Debug|Any CPU.ActiveCfg = Debug|Any CPU
		{5C325A69-2AA1-4AC2-87C7-A7934237BB22}.Debug|Any CPU.Build.0 = Debug|Any CPU
		{5C325A69-2AA1-4AC2-87C7-A7934237BB22}.Debug|x64.ActiveCfg = Debug|Any CPU
		{5C325A69-2AA1-4AC2-87C7-A7934237BB22}.Debug|x64.Build.0 = Debug|Any CPU
		{5C325A69-2AA1-4AC2-87C7-A7934237BB22}.Debug|x86.ActiveCfg = Debug|Any CPU
		{5C325A69-2AA1-4AC2-87C7-A7934237BB22}.Debug|x86.Build.0 = Debug|Any CPU
		{5C325A69-2AA1-4AC2-87C7-A7934237BB22}.Release|Any CPU.ActiveCfg = Release|Any CPU
		{5C325A69-2AA1-4AC2-87C7-A7934237BB22}.Release|Any CPU.Build.0 = Release|Any CPU
		{5C325A69-2AA1-4AC2-87C7-A7934237BB22}.Release|x64.ActiveCfg = Release|Any CPU
		{5C325A69-2AA1-4AC2-87C7-A7934237BB22}.Release|x64.Build.0 = Release|Any CPU
		{5C325A69-2AA1-4AC2-87C7-A7934237BB22}.Release|x86.ActiveCfg = Release|Any CPU
		{5C325A69-2AA1-4AC2-87C7-A7934237BB22}.Release|x86.Build.0 = Release|Any CPU
		{D15D6566-1470-4157-AE64-36385558AAF9}.Debug|Any CPU.ActiveCfg = Debug|Any CPU
		{D15D6566-1470-4157-AE64-36385558AAF9}.Debug|Any CPU.Build.0 = Debug|Any CPU
		{D15D6566-1470-4157-AE64-36385558AAF9}.Debug|x64.ActiveCfg = Debug|Any CPU
		{D15D6566-1470-4157-AE64-36385558AAF9}.Debug|x64.Build.0 = Debug|Any CPU
		{D15D6566-1470-4157-AE64-36385558AAF9}.Debug|x86.ActiveCfg = Debug|Any CPU
		{D15D6566-1470-4157-AE64-36385558AAF9}.Debug|x86.Build.0 = Debug|Any CPU
		{D15D6566-1470-4157-AE64-36385558AAF9}.Release|Any CPU.ActiveCfg = Release|Any CPU
		{D15D6566-1470-4157-AE64-36385558AAF9}.Release|Any CPU.Build.0 = Release|Any CPU
		{D15D6566-1470-4157-AE64-36385558AAF9}.Release|x64.ActiveCfg = Release|Any CPU
		{D15D6566-1470-4157-AE64-36385558AAF9}.Release|x64.Build.0 = Release|Any CPU
		{D15D6566-1470-4157-AE64-36385558AAF9}.Release|x86.ActiveCfg = Release|Any CPU
		{D15D6566-1470-4157-AE64-36385558AAF9}.Release|x86.Build.0 = Release|Any CPU
		{782092AF-0482-49D5-BB42-B3CEFA1670C0}.Debug|Any CPU.ActiveCfg = Debug|Any CPU
		{782092AF-0482-49D5-BB42-B3CEFA1670C0}.Debug|Any CPU.Build.0 = Debug|Any CPU
		{782092AF-0482-49D5-BB42-B3CEFA1670C0}.Debug|x64.ActiveCfg = Debug|Any CPU
		{782092AF-0482-49D5-BB42-B3CEFA1670C0}.Debug|x64.Build.0 = Debug|Any CPU
		{782092AF-0482-49D5-BB42-B3CEFA1670C0}.Debug|x86.ActiveCfg = Debug|Any CPU
		{782092AF-0482-49D5-BB42-B3CEFA1670C0}.Debug|x86.Build.0 = Debug|Any CPU
		{782092AF-0482-49D5-BB42-B3CEFA1670C0}.Release|Any CPU.ActiveCfg = Release|Any CPU
		{782092AF-0482-49D5-BB42-B3CEFA1670C0}.Release|Any CPU.Build.0 = Release|Any CPU
		{782092AF-0482-49D5-BB42-B3CEFA1670C0}.Release|x64.ActiveCfg = Release|Any CPU
		{782092AF-0482-49D5-BB42-B3CEFA1670C0}.Release|x64.Build.0 = Release|Any CPU
		{782092AF-0482-49D5-BB42-B3CEFA1670C0}.Release|x86.ActiveCfg = Release|Any CPU
		{782092AF-0482-49D5-BB42-B3CEFA1670C0}.Release|x86.Build.0 = Release|Any CPU
		{A61AC122-77B3-4FCE-9274-660399CBDFBB}.Debug|Any CPU.ActiveCfg = Debug|Any CPU
		{A61AC122-77B3-4FCE-9274-660399CBDFBB}.Debug|x64.ActiveCfg = Debug|Any CPU
		{A61AC122-77B3-4FCE-9274-660399CBDFBB}.Debug|x64.Build.0 = Debug|Any CPU
		{A61AC122-77B3-4FCE-9274-660399CBDFBB}.Debug|x86.ActiveCfg = Debug|Any CPU
		{A61AC122-77B3-4FCE-9274-660399CBDFBB}.Debug|x86.Build.0 = Debug|Any CPU
		{A61AC122-77B3-4FCE-9274-660399CBDFBB}.Release|Any CPU.ActiveCfg = Release|Any CPU
		{A61AC122-77B3-4FCE-9274-660399CBDFBB}.Release|x64.ActiveCfg = Release|Any CPU
		{A61AC122-77B3-4FCE-9274-660399CBDFBB}.Release|x64.Build.0 = Release|Any CPU
		{A61AC122-77B3-4FCE-9274-660399CBDFBB}.Release|x86.ActiveCfg = Release|Any CPU
		{A61AC122-77B3-4FCE-9274-660399CBDFBB}.Release|x86.Build.0 = Release|Any CPU
		{1AB5D107-E3B6-4CCD-A74A-A648C49DDE1B}.Debug|Any CPU.ActiveCfg = Debug|Any CPU
		{1AB5D107-E3B6-4CCD-A74A-A648C49DDE1B}.Debug|Any CPU.Build.0 = Debug|Any CPU
		{1AB5D107-E3B6-4CCD-A74A-A648C49DDE1B}.Debug|x64.ActiveCfg = Debug|Any CPU
		{1AB5D107-E3B6-4CCD-A74A-A648C49DDE1B}.Debug|x64.Build.0 = Debug|Any CPU
		{1AB5D107-E3B6-4CCD-A74A-A648C49DDE1B}.Debug|x86.ActiveCfg = Debug|Any CPU
		{1AB5D107-E3B6-4CCD-A74A-A648C49DDE1B}.Debug|x86.Build.0 = Debug|Any CPU
		{1AB5D107-E3B6-4CCD-A74A-A648C49DDE1B}.Release|Any CPU.ActiveCfg = Release|Any CPU
		{1AB5D107-E3B6-4CCD-A74A-A648C49DDE1B}.Release|Any CPU.Build.0 = Release|Any CPU
		{1AB5D107-E3B6-4CCD-A74A-A648C49DDE1B}.Release|x64.ActiveCfg = Release|Any CPU
		{1AB5D107-E3B6-4CCD-A74A-A648C49DDE1B}.Release|x64.Build.0 = Release|Any CPU
		{1AB5D107-E3B6-4CCD-A74A-A648C49DDE1B}.Release|x86.ActiveCfg = Release|Any CPU
		{1AB5D107-E3B6-4CCD-A74A-A648C49DDE1B}.Release|x86.Build.0 = Release|Any CPU
		{3222430D-9A26-4CAD-A2DA-AC7F4E7A96A0}.Debug|Any CPU.ActiveCfg = Debug|Any CPU
		{3222430D-9A26-4CAD-A2DA-AC7F4E7A96A0}.Debug|Any CPU.Build.0 = Debug|Any CPU
		{3222430D-9A26-4CAD-A2DA-AC7F4E7A96A0}.Debug|x64.ActiveCfg = Debug|Any CPU
		{3222430D-9A26-4CAD-A2DA-AC7F4E7A96A0}.Debug|x64.Build.0 = Debug|Any CPU
		{3222430D-9A26-4CAD-A2DA-AC7F4E7A96A0}.Debug|x86.ActiveCfg = Debug|Any CPU
		{3222430D-9A26-4CAD-A2DA-AC7F4E7A96A0}.Debug|x86.Build.0 = Debug|Any CPU
		{3222430D-9A26-4CAD-A2DA-AC7F4E7A96A0}.Release|Any CPU.ActiveCfg = Release|Any CPU
		{3222430D-9A26-4CAD-A2DA-AC7F4E7A96A0}.Release|Any CPU.Build.0 = Release|Any CPU
		{3222430D-9A26-4CAD-A2DA-AC7F4E7A96A0}.Release|x64.ActiveCfg = Release|Any CPU
		{3222430D-9A26-4CAD-A2DA-AC7F4E7A96A0}.Release|x64.Build.0 = Release|Any CPU
		{3222430D-9A26-4CAD-A2DA-AC7F4E7A96A0}.Release|x86.ActiveCfg = Release|Any CPU
		{3222430D-9A26-4CAD-A2DA-AC7F4E7A96A0}.Release|x86.Build.0 = Release|Any CPU
		{69119C53-9D32-44C2-86C1-B95C2C07E0EB}.Debug|Any CPU.ActiveCfg = Debug|Any CPU
		{69119C53-9D32-44C2-86C1-B95C2C07E0EB}.Debug|Any CPU.Build.0 = Debug|Any CPU
		{69119C53-9D32-44C2-86C1-B95C2C07E0EB}.Debug|x64.ActiveCfg = Debug|Any CPU
		{69119C53-9D32-44C2-86C1-B95C2C07E0EB}.Debug|x64.Build.0 = Debug|Any CPU
		{69119C53-9D32-44C2-86C1-B95C2C07E0EB}.Debug|x86.ActiveCfg = Debug|Any CPU
		{69119C53-9D32-44C2-86C1-B95C2C07E0EB}.Debug|x86.Build.0 = Debug|Any CPU
		{69119C53-9D32-44C2-86C1-B95C2C07E0EB}.Release|Any CPU.ActiveCfg = Release|Any CPU
		{69119C53-9D32-44C2-86C1-B95C2C07E0EB}.Release|Any CPU.Build.0 = Release|Any CPU
		{69119C53-9D32-44C2-86C1-B95C2C07E0EB}.Release|x64.ActiveCfg = Release|Any CPU
		{69119C53-9D32-44C2-86C1-B95C2C07E0EB}.Release|x64.Build.0 = Release|Any CPU
		{69119C53-9D32-44C2-86C1-B95C2C07E0EB}.Release|x86.ActiveCfg = Release|Any CPU
		{69119C53-9D32-44C2-86C1-B95C2C07E0EB}.Release|x86.Build.0 = Release|Any CPU
	EndGlobalSection
	GlobalSection(SolutionProperties) = preSolution
		HideSolutionNode = FALSE
	EndGlobalSection
	GlobalSection(ExtensibilityGlobals) = postSolution
		SolutionGuid = {8631A18F-AF4B-483C-B9B9-958D62A5B4B7}
	EndGlobalSection
	GlobalSection(NestedProjects) = preSolution
		{D15D6566-1470-4157-AE64-36385558AAF9} = {D5077792-C0B3-4DAF-ACCC-48CEBF561825}
		{3222430D-9A26-4CAD-A2DA-AC7F4E7A96A0} = {D5077792-C0B3-4DAF-ACCC-48CEBF561825}
		{5C325A69-2AA1-4AC2-87C7-A7934237BB22} = {D5077792-C0B3-4DAF-ACCC-48CEBF561825}
	EndGlobalSection
EndGlobal
