
Microsoft Visual Studio Solution File, Format Version 12.00
# Visual Studio Version 16
VisualStudioVersion = 16.0.30114.105
MinimumVisualStudioVersion = 10.0.40219.1
Project("{FAE04EC0-301F-11D3-BF4B-00C04F79EFBC}") = "CommandLine", "CommandLine\CommandLine.csproj", "{7440D748-611F-4627-9AFA-F04675720952}"
EndProject
Project("{FAE04EC0-301F-11D3-BF4B-00C04F79EFBC}") = "Domain", "Domain\Domain.csproj", "{DC01283F-FFD4-4DC8-8E86-C3B2E7A5D6CC}"
EndProject
Project("{FAE04EC0-301F-11D3-BF4B-00C04F79EFBC}") = "Tests", "Tests\Tests.csproj", "{AB361935-0956-4346-8464-6B455C5FE236}"
EndProject
Project("{FAE04EC0-301F-11D3-BF4B-00C04F79EFBC}") = "API", "API\API.csproj", "{27C90535-FB8C-4DE0-A059-10BB17830D86}"
EndProject
Project("{FAE04EC0-301F-11D3-BF4B-00C04F79EFBC}") = "DependencyInjection", "DependencyInjection\DependencyInjection.csproj", "{FBB009F0-D550-40FD-B5A1-BFE0171D4398}"
EndProject
Global
	GlobalSection(SolutionConfigurationPlatforms) = preSolution
		Debug|Any CPU = Debug|Any CPU
		Debug|x64 = Debug|x64
		Debug|x86 = Debug|x86
		Release|Any CPU = Release|Any CPU
		Release|x64 = Release|x64
		Release|x86 = Release|x86
	EndGlobalSection
	GlobalSection(SolutionProperties) = preSolution
		HideSolutionNode = FALSE
	EndGlobalSection
	GlobalSection(ProjectConfigurationPlatforms) = postSolution
		{7440D748-611F-4627-9AFA-F04675720952}.Debug|Any CPU.ActiveCfg = Debug|Any CPU
		{7440D748-611F-4627-9AFA-F04675720952}.Debug|Any CPU.Build.0 = Debug|Any CPU
		{7440D748-611F-4627-9AFA-F04675720952}.Debug|x64.ActiveCfg = Debug|Any CPU
		{7440D748-611F-4627-9AFA-F04675720952}.Debug|x64.Build.0 = Debug|Any CPU
		{7440D748-611F-4627-9AFA-F04675720952}.Debug|x86.ActiveCfg = Debug|Any CPU
		{7440D748-611F-4627-9AFA-F04675720952}.Debug|x86.Build.0 = Debug|Any CPU
		{7440D748-611F-4627-9AFA-F04675720952}.Release|Any CPU.ActiveCfg = Release|Any CPU
		{7440D748-611F-4627-9AFA-F04675720952}.Release|Any CPU.Build.0 = Release|Any CPU
		{7440D748-611F-4627-9AFA-F04675720952}.Release|x64.ActiveCfg = Release|Any CPU
		{7440D748-611F-4627-9AFA-F04675720952}.Release|x64.Build.0 = Release|Any CPU
		{7440D748-611F-4627-9AFA-F04675720952}.Release|x86.ActiveCfg = Release|Any CPU
		{7440D748-611F-4627-9AFA-F04675720952}.Release|x86.Build.0 = Release|Any CPU
		{DC01283F-FFD4-4DC8-8E86-C3B2E7A5D6CC}.Debug|Any CPU.ActiveCfg = Debug|Any CPU
		{DC01283F-FFD4-4DC8-8E86-C3B2E7A5D6CC}.Debug|Any CPU.Build.0 = Debug|Any CPU
		{DC01283F-FFD4-4DC8-8E86-C3B2E7A5D6CC}.Debug|x64.ActiveCfg = Debug|Any CPU
		{DC01283F-FFD4-4DC8-8E86-C3B2E7A5D6CC}.Debug|x64.Build.0 = Debug|Any CPU
		{DC01283F-FFD4-4DC8-8E86-C3B2E7A5D6CC}.Debug|x86.ActiveCfg = Debug|Any CPU
		{DC01283F-FFD4-4DC8-8E86-C3B2E7A5D6CC}.Debug|x86.Build.0 = Debug|Any CPU
		{DC01283F-FFD4-4DC8-8E86-C3B2E7A5D6CC}.Release|Any CPU.ActiveCfg = Release|Any CPU
		{DC01283F-FFD4-4DC8-8E86-C3B2E7A5D6CC}.Release|Any CPU.Build.0 = Release|Any CPU
		{DC01283F-FFD4-4DC8-8E86-C3B2E7A5D6CC}.Release|x64.ActiveCfg = Release|Any CPU
		{DC01283F-FFD4-4DC8-8E86-C3B2E7A5D6CC}.Release|x64.Build.0 = Release|Any CPU
		{DC01283F-FFD4-4DC8-8E86-C3B2E7A5D6CC}.Release|x86.ActiveCfg = Release|Any CPU
		{DC01283F-FFD4-4DC8-8E86-C3B2E7A5D6CC}.Release|x86.Build.0 = Release|Any CPU
		{AB361935-0956-4346-8464-6B455C5FE236}.Debug|Any CPU.ActiveCfg = Debug|Any CPU
		{AB361935-0956-4346-8464-6B455C5FE236}.Debug|Any CPU.Build.0 = Debug|Any CPU
		{AB361935-0956-4346-8464-6B455C5FE236}.Debug|x64.ActiveCfg = Debug|Any CPU
		{AB361935-0956-4346-8464-6B455C5FE236}.Debug|x64.Build.0 = Debug|Any CPU
		{AB361935-0956-4346-8464-6B455C5FE236}.Debug|x86.ActiveCfg = Debug|Any CPU
		{AB361935-0956-4346-8464-6B455C5FE236}.Debug|x86.Build.0 = Debug|Any CPU
		{AB361935-0956-4346-8464-6B455C5FE236}.Release|Any CPU.ActiveCfg = Release|Any CPU
		{AB361935-0956-4346-8464-6B455C5FE236}.Release|Any CPU.Build.0 = Release|Any CPU
		{AB361935-0956-4346-8464-6B455C5FE236}.Release|x64.ActiveCfg = Release|Any CPU
		{AB361935-0956-4346-8464-6B455C5FE236}.Release|x64.Build.0 = Release|Any CPU
		{AB361935-0956-4346-8464-6B455C5FE236}.Release|x86.ActiveCfg = Release|Any CPU
		{AB361935-0956-4346-8464-6B455C5FE236}.Release|x86.Build.0 = Release|Any CPU
		{27C90535-FB8C-4DE0-A059-10BB17830D86}.Debug|Any CPU.ActiveCfg = Debug|Any CPU
		{27C90535-FB8C-4DE0-A059-10BB17830D86}.Debug|Any CPU.Build.0 = Debug|Any CPU
		{27C90535-FB8C-4DE0-A059-10BB17830D86}.Debug|x64.ActiveCfg = Debug|Any CPU
		{27C90535-FB8C-4DE0-A059-10BB17830D86}.Debug|x64.Build.0 = Debug|Any CPU
		{27C90535-FB8C-4DE0-A059-10BB17830D86}.Debug|x86.ActiveCfg = Debug|Any CPU
		{27C90535-FB8C-4DE0-A059-10BB17830D86}.Debug|x86.Build.0 = Debug|Any CPU
		{27C90535-FB8C-4DE0-A059-10BB17830D86}.Release|Any CPU.ActiveCfg = Release|Any CPU
		{27C90535-FB8C-4DE0-A059-10BB17830D86}.Release|Any CPU.Build.0 = Release|Any CPU
		{27C90535-FB8C-4DE0-A059-10BB17830D86}.Release|x64.ActiveCfg = Release|Any CPU
		{27C90535-FB8C-4DE0-A059-10BB17830D86}.Release|x64.Build.0 = Release|Any CPU
		{27C90535-FB8C-4DE0-A059-10BB17830D86}.Release|x86.ActiveCfg = Release|Any CPU
		{27C90535-FB8C-4DE0-A059-10BB17830D86}.Release|x86.Build.0 = Release|Any CPU
		{FBB009F0-D550-40FD-B5A1-BFE0171D4398}.Debug|Any CPU.ActiveCfg = Debug|Any CPU
		{FBB009F0-D550-40FD-B5A1-BFE0171D4398}.Debug|Any CPU.Build.0 = Debug|Any CPU
		{FBB009F0-D550-40FD-B5A1-BFE0171D4398}.Debug|x64.ActiveCfg = Debug|Any CPU
		{FBB009F0-D550-40FD-B5A1-BFE0171D4398}.Debug|x64.Build.0 = Debug|Any CPU
		{FBB009F0-D550-40FD-B5A1-BFE0171D4398}.Debug|x86.ActiveCfg = Debug|Any CPU
		{FBB009F0-D550-40FD-B5A1-BFE0171D4398}.Debug|x86.Build.0 = Debug|Any CPU
		{FBB009F0-D550-40FD-B5A1-BFE0171D4398}.Release|Any CPU.ActiveCfg = Release|Any CPU
		{FBB009F0-D550-40FD-B5A1-BFE0171D4398}.Release|Any CPU.Build.0 = Release|Any CPU
		{FBB009F0-D550-40FD-B5A1-BFE0171D4398}.Release|x64.ActiveCfg = Release|Any CPU
		{FBB009F0-D550-40FD-B5A1-BFE0171D4398}.Release|x64.Build.0 = Release|Any CPU
		{FBB009F0-D550-40FD-B5A1-BFE0171D4398}.Release|x86.ActiveCfg = Release|Any CPU
		{FBB009F0-D550-40FD-B5A1-BFE0171D4398}.Release|x86.Build.0 = Release|Any CPU
	EndGlobalSection
EndGlobal
